PODS:
  - Braintree (4.5.0):
    - Braintree/Card (= 4.5.0)
    - Braintree/Core (= 4.5.0)
    - Braintree/PayPal (= 4.5.0)
    - Braintree/UI (= 4.5.0)
  - Braintree/Card (4.5.0):
    - Braintree/Core
  - Braintree/Core (4.5.0)
  - Braintree/PayPal (4.5.0):
    - Braintree/Core
    - Braintree/PayPalOneTouch
  - Braintree/PayPalDataCollector (4.5.0):
    - Braintree/Core
    - Braintree/PayPalUtils
  - Braintree/PayPalOneTouch (4.5.0):
    - Braintree/Core
    - Braintree/PayPalDataCollector
    - Braintree/PayPalUtils
  - Braintree/PayPalUtils (4.5.0)
  - Braintree/UI (4.5.0):
    - Braintree/Card
    - Braintree/Core

DEPENDENCIES:
  - Braintree

SPEC CHECKSUMS:
  Braintree: 7bcebecbcfe5210ed4438a97638c230d2521b54d

PODFILE CHECKSUM: dc4fd101eacd24b7b4768640c7ddb9ee46b4876d

COCOAPODS: 1.0.1
